
Microsoft Visual Studio Solution File, Format Version 12.00
# Visual Studio Version 17
VisualStudioVersion = 17.2.32616.157
MinimumVisualStudioVersion = 10.0.40219.1
Project("{FAE04EC0-301F-11D3-BF4B-00C04F79EFBC}") = "Sora.TestPerformance", "Sora.TestPerformance\Sora.TestPerformance.csproj", "{8F4C88B6-B7DE-4B18-A2D3-C0C6FF056EF5}"
EndProject
Global
	GlobalSection(SolutionConfigurationPlatforms) = preSolution
		Debug|Any CPU = Debug|Any CPU
		Release|Any CPU = Release|Any CPU
	EndGlobalSection
	GlobalSection(ProjectConfigurationPlatforms) = postSolution
		{8F4C88B6-B7DE-4B18-A2D3-C0C6FF056EF5}.Debug|Any CPU.ActiveCfg = Debug|Any CPU
		{8F4C88B6-B7DE-4B18-A2D3-C0C6FF056EF5}.Debug|Any CPU.Build.0 = Debug|Any CPU
		{8F4C88B6-B7DE-4B18-A2D3-C0C6FF056EF5}.Release|Any CPU.ActiveCfg = Release|Any CPU
		{8F4C88B6-B7DE-4B18-A2D3-C0C6FF056EF5}.Release|Any CPU.Build.0 = Release|Any CPU
	EndGlobalSection
	GlobalSection(SolutionProperties) = preSolution
		HideSolutionNode = FALSE
	EndGlobalSection
	GlobalSection(ExtensibilityGlobals) = postSolution
		SolutionGuid = {22857E30-E11D-4124-9CC7-A13A4E143E9C}
	EndGlobalSection
EndGlobal
